{
  "name": "@signalwire/common",
  "version": "0.0.1",
  "lockfileVersion": 1,
  "requires": true,
  "dependencies": {
    "loglevel": {
      "version": "1.6.3",
      "resolved": "https://registry.npmjs.org/loglevel/-/loglevel-1.6.3.tgz",
      "integrity": "sha512-LoEDv5pgpvWgPF4kNYuIp0qqSJVWak/dML0RY74xlzMZiT9w77teNAwKYKWBTYjlokMirg+o3jBwp+vlLrcfAA=="
    },
    "uuid": {
      "version": "3.3.3",
      "resolved": "https://registry.npmjs.org/uuid/-/uuid-3.3.3.tgz",
      "integrity": "sha512-pW0No1RGHgzlpHJO1nsVrHKpOEIxkGg1xB+v0ZmdNH5OAeAwzAVrCnI2/6Mtx+Uys6iaylxa+D3g4j63IKKjSQ=="
    }
  }
}
